
Microsoft Visual Studio Solution File, Format Version 12.00
# Visual Studio 15
VisualStudioVersion = 15.0.27004.2009
MinimumVisualStudioVersion = 10.0.40219.1
Project("{FAE04EC0-301F-11D3-BF4B-00C04F79EFBC}") = "WebPrueba", "WebPrueba\WebPrueba.csproj", "{ED437375-7C93-4663-83B9-64F53C0366F1}"
EndProject
Project("{FAE04EC0-301F-11D3-BF4B-00C04F79EFBC}") = "WebPrueba.Tests", "WebPrueba.Tests\WebPrueba.Tests.csproj", "{7E4DED99-456A-4DF7-A861-A922F3275BC0}"
EndProject
Project("{FAE04EC0-301F-11D3-BF4B-00C04F79EFBC}") = "WebPruebaData", "WebPruebaData\WebPruebaData.csproj", "{60FAD6A8-3153-4842-A292-27B2647690CF}"
EndProject
Global
	GlobalSection(SolutionConfigurationPlatforms) = preSolution
		Debug|Any CPU = Debug|Any CPU
		Debug|ARM = Debug|ARM
		Debug|x64 = Debug|x64
		Debug|x86 = Debug|x86
		Release|Any CPU = Release|Any CPU
		Release|ARM = Release|ARM
		Release|x64 = Release|x64
		Release|x86 = Release|x86
	EndGlobalSection
	GlobalSection(ProjectConfigurationPlatforms) = postSolution
		{ED437375-7C93-4663-83B9-64F53C0366F1}.Debug|Any CPU.ActiveCfg = Debug|Any CPU
		{ED437375-7C93-4663-83B9-64F53C0366F1}.Debug|Any CPU.Build.0 = Debug|Any CPU
		{ED437375-7C93-4663-83B9-64F53C0366F1}.Debug|ARM.ActiveCfg = Debug|Any CPU
		{ED437375-7C93-4663-83B9-64F53C0366F1}.Debug|ARM.Build.0 = Debug|Any CPU
		{ED437375-7C93-4663-83B9-64F53C0366F1}.Debug|x64.ActiveCfg = Debug|Any CPU
		{ED437375-7C93-4663-83B9-64F53C0366F1}.Debug|x64.Build.0 = Debug|Any CPU
		{ED437375-7C93-4663-83B9-64F53C0366F1}.Debug|x86.ActiveCfg = Debug|Any CPU
		{ED437375-7C93-4663-83B9-64F53C0366F1}.Debug|x86.Build.0 = Debug|Any CPU
		{ED437375-7C93-4663-83B9-64F53C0366F1}.Release|Any CPU.ActiveCfg = Release|Any CPU
		{ED437375-7C93-4663-83B9-64F53C0366F1}.Release|Any CPU.Build.0 = Release|Any CPU
		{ED437375-7C93-4663-83B9-64F53C0366F1}.Release|ARM.ActiveCfg = Release|Any CPU
		{ED437375-7C93-4663-83B9-64F53C0366F1}.Release|ARM.Build.0 = Release|Any CPU
		{ED437375-7C93-4663-83B9-64F53C0366F1}.Release|x64.ActiveCfg = Release|Any CPU
		{ED437375-7C93-4663-83B9-64F53C0366F1}.Release|x64.Build.0 = Release|Any CPU
		{ED437375-7C93-4663-83B9-64F53C0366F1}.Release|x86.ActiveCfg = Release|Any CPU
		{ED437375-7C93-4663-83B9-64F53C0366F1}.Release|x86.Build.0 = Release|Any CPU
		{7E4DED99-456A-4DF7-A861-A922F3275BC0}.Debug|Any CPU.ActiveCfg = Debug|Any CPU
		{7E4DED99-456A-4DF7-A861-A922F3275BC0}.Debug|Any CPU.Build.0 = Debug|Any CPU
		{7E4DED99-456A-4DF7-A861-A922F3275BC0}.Debug|ARM.ActiveCfg = Debug|Any CPU
		{7E4DED99-456A-4DF7-A861-A922F3275BC0}.Debug|ARM.Build.0 = Debug|Any CPU
		{7E4DED99-456A-4DF7-A861-A922F3275BC0}.Debug|x64.ActiveCfg = Debug|Any CPU
		{7E4DED99-456A-4DF7-A861-A922F3275BC0}.Debug|x64.Build.0 = Debug|Any CPU
		{7E4DED99-456A-4DF7-A861-A922F3275BC0}.Debug|x86.ActiveCfg = Debug|Any CPU
		{7E4DED99-456A-4DF7-A861-A922F3275BC0}.Debug|x86.Build.0 = Debug|Any CPU
		{7E4DED99-456A-4DF7-A861-A922F3275BC0}.Release|Any CPU.ActiveCfg = Release|Any CPU
		{7E4DED99-456A-4DF7-A861-A922F3275BC0}.Release|Any CPU.Build.0 = Release|Any CPU
		{7E4DED99-456A-4DF7-A861-A922F3275BC0}.Release|ARM.ActiveCfg = Release|Any CPU
		{7E4DED99-456A-4DF7-A861-A922F3275BC0}.Release|ARM.Build.0 = Release|Any CPU
		{7E4DED99-456A-4DF7-A861-A922F3275BC0}.Release|x64.ActiveCfg = Release|Any CPU
		{7E4DED99-456A-4DF7-A861-A922F3275BC0}.Release|x64.Build.0 = Release|Any CPU
		{7E4DED99-456A-4DF7-A861-A922F3275BC0}.Release|x86.ActiveCfg = Release|Any CPU
		{7E4DED99-456A-4DF7-A861-A922F3275BC0}.Release|x86.Build.0 = Release|Any CPU
		{60FAD6A8-3153-4842-A292-27B2647690CF}.Debug|Any CPU.ActiveCfg = Debug|Any CPU
		{60FAD6A8-3153-4842-A292-27B2647690CF}.Debug|Any CPU.Build.0 = Debug|Any CPU
		{60FAD6A8-3153-4842-A292-27B2647690CF}.Debug|ARM.ActiveCfg = Debug|Any CPU
		{60FAD6A8-3153-4842-A292-27B2647690CF}.Debug|ARM.Build.0 = Debug|Any CPU
		{60FAD6A8-3153-4842-A292-27B2647690CF}.Debug|x64.ActiveCfg = Debug|Any CPU
		{60FAD6A8-3153-4842-A292-27B2647690CF}.Debug|x64.Build.0 = Debug|Any CPU
		{60FAD6A8-3153-4842-A292-27B2647690CF}.Debug|x86.ActiveCfg = Debug|Any CPU
		{60FAD6A8-3153-4842-A292-27B2647690CF}.Debug|x86.Build.0 = Debug|Any CPU
		{60FAD6A8-3153-4842-A292-27B2647690CF}.Release|Any CPU.ActiveCfg = Release|Any CPU
		{60FAD6A8-3153-4842-A292-27B2647690CF}.Release|Any CPU.Build.0 = Release|Any CPU
		{60FAD6A8-3153-4842-A292-27B2647690CF}.Release|ARM.ActiveCfg = Release|Any CPU
		{60FAD6A8-3153-4842-A292-27B2647690CF}.Release|ARM.Build.0 = Release|Any CPU
		{60FAD6A8-3153-4842-A292-27B2647690CF}.Release|x64.ActiveCfg = Release|Any CPU
		{60FAD6A8-3153-4842-A292-27B2647690CF}.Release|x64.Build.0 = Release|Any CPU
		{60FAD6A8-3153-4842-A292-27B2647690CF}.Release|x86.ActiveCfg = Release|Any CPU
		{60FAD6A8-3153-4842-A292-27B2647690CF}.Release|x86.Build.0 = Release|Any CPU
	EndGlobalSection
	GlobalSection(SolutionProperties) = preSolution
		HideSolutionNode = FALSE
	EndGlobalSection
	GlobalSection(ExtensibilityGlobals) = postSolution
		SolutionGuid = {52A9F0C8-49DC-4E88-A629-D99F13B1F5C4}
	EndGlobalSection
EndGlobal
